
Microsoft Visual Studio Solution File, Format Version 12.00
# Visual Studio 15
VisualStudioVersion = 15.0.36324.19
MinimumVisualStudioVersion = 10.0.40219.1
Project("{FAE04EC0-301F-11D3-BF4B-00C04F79EFBC}") = "tarea2", "tarea2\tarea2.csproj", "{54C13FCF-F4C4-4D7D-82C5-239CDCD2385E}"
EndProject
Global
	GlobalSection(SolutionConfigurationPlatforms) = preSolution
		Debug|Any CPU = Debug|Any CPU
		Release|Any CPU = Release|Any CPU
	EndGlobalSection
	GlobalSection(ProjectConfigurationPlatforms) = postSolution
		{54C13FCF-F4C4-4D7D-82C5-239CDCD2385E}.Debug|Any CPU.ActiveCfg = Debug|Any CPU
		{54C13FCF-F4C4-4D7D-82C5-239CDCD2385E}.Debug|Any CPU.Build.0 = Debug|Any CPU
		{54C13FCF-F4C4-4D7D-82C5-239CDCD2385E}.Release|Any CPU.ActiveCfg = Release|Any CPU
		{54C13FCF-F4C4-4D7D-82C5-239CDCD2385E}.Release|Any CPU.Build.0 = Release|Any CPU
	EndGlobalSection
	GlobalSection(SolutionProperties) = preSolution
		HideSolutionNode = FALSE
	EndGlobalSection
	GlobalSection(ExtensibilityGlobals) = postSolution
		SolutionGuid = {F253B126-5506-4804-90A8-1437D501DF56}
	EndGlobalSection
EndGlobal
